Microsoft Visual Studio Solution File, Format Version 12.00
# Visual Studio Version 17
VisualStudioVersion = 17.5.2.0
MinimumVisualStudioVersion = 10.0.40219.1
Project("{2150E333-8FDC-42A3-9474-1A3956D46DE8}") = "src", "src", "{827E0CD3-B72D-47B6-A68D-7590B98EB39B}"
EndProject
Project("{FAE04EC0-301F-11D3-BF4B-00C04F79EFBC}") = "UMLGenerator", "src\UMLGenerator\UMLGenerator.csproj", "{0C985DE8-9068-48E8-A99E-9D4E9C77A645}"
EndProject
Global
	GlobalSection(SolutionConfigurationPlatforms) = preSolution
		Debug|Any CPU = Debug|Any CPU
		Release|Any CPU = Release|Any CPU
	EndGlobalSection
	GlobalSection(ProjectConfigurationPlatforms) = postSolution
		{0C985DE8-9068-48E8-A99E-9D4E9C77A645}.Debug|Any CPU.ActiveCfg = Debug|Any CPU
		{0C985DE8-9068-48E8-A99E-9D4E9C77A645}.Debug|Any CPU.Build.0 = Debug|Any CPU
		{0C985DE8-9068-48E8-A99E-9D4E9C77A645}.Release|Any CPU.ActiveCfg = Release|Any CPU
		{0C985DE8-9068-48E8-A99E-9D4E9C77A645}.Release|Any CPU.Build.0 = Release|Any CPU
	EndGlobalSection
	GlobalSection(SolutionProperties) = preSolution
		HideSolutionNode = FALSE
	EndGlobalSection
	GlobalSection(NestedProjects) = preSolution
		{0C985DE8-9068-48E8-A99E-9D4E9C77A645} = {827E0CD3-B72D-47B6-A68D-7590B98EB39B}
	EndGlobalSection
	GlobalSection(ExtensibilityGlobals) = postSolution
		SolutionGuid = {B50D1FA6-9DF3-42B8-B23C-67586983F8BB}
	EndGlobalSection
EndGlobal
